{
    "name": "number-plotter",
    "version": "1.4.0",
    "lockfileVersion": 2,
    "requires": true,
    "packages": {
        "": {
            "name": "number-plotter",
            "version": "1.4.0",
            "license": "MIT",
            "dependencies": {
                "chart.js": "^3.7.0",
                "chartjs-plugin-zoom": "^1.2.0",
                "hammerjs": "^2.0.8"
            },
            "devDependencies": {
                "@types/mocha": "^8.2.0",
                "@types/node": "^13.13.39",
                "@types/vscode": "^1.52.0",
                "typescript": "^4.1.3"
            },
            "engines": {
                "vscode": "^1.54.0"
            }
        },
        "node_modules/@types/mocha": {
            "version": "8.2.3",
            "resolved": "https://registry.npmjs.org/@types/mocha/-/mocha-8.2.3.tgz",
            "integrity": "sha512-ekGvFhFgrc2zYQoX4JeZPmVzZxw6Dtllga7iGHzfbYIYkAMUx/sAFP2GdFpLff+vdHXu5fl7WX9AT+TtqYcsyw==",
            "dev": true
        },
        "node_modules/@types/node": {
            "version": "13.13.52",
            "resolved": "https://registry.npmjs.org/@types/node/-/node-13.13.52.tgz",
            "integrity": "sha512-s3nugnZumCC//n4moGGe6tkNMyYEdaDBitVjwPxXmR5lnMG5dHePinH2EdxkG3Rh1ghFHHixAG4NJhpJW1rthQ==",
            "dev": true
        },
        "node_modules/@types/vscode": {
            "version": "1.58.1",
            "resolved": "https://registry.npmjs.org/@types/vscode/-/vscode-1.58.1.tgz",
            "integrity": "sha512-sa76rDXiSif09he8KoaWWUQxsuBr2+uND0xn1GUbEODkuEjp2p7Rqd3t5qlvklfmAedLFdL7MdnsPa57uzwcOw==",
            "dev": true
        },
        "node_modules/chart.js": {
            "version": "3.7.0",
            "resolved": "https://registry.npmjs.org/chart.js/-/chart.js-3.7.0.tgz",
            "integrity": "sha512-31gVuqqKp3lDIFmzpKIrBeum4OpZsQjSIAqlOpgjosHDJZlULtvwLEZKtEhIAZc7JMPaHlYMys40Qy9Mf+1AAg=="
        },
        "node_modules/chartjs-plugin-zoom": {
            "version": "1.2.0",
            "resolved": "https://registry.npmjs.org/chartjs-plugin-zoom/-/chartjs-plugin-zoom-1.2.0.tgz",
            "integrity": "sha512-cLYKUHHx4bevuZQDpEKdjpvZ6HGu6NF8laTThgA0I9af+PV1N4qVTRZmyDNh0SAzsHZPtDOhuO3I7B4CF1lstw==",
            "dependencies": {
                "hammerjs": "^2.0.8"
            },
            "peerDependencies": {
                "chart.js": "^3.2.0"
            }
        },
        "node_modules/hammerjs": {
            "version": "2.0.8",
            "resolved": "https://registry.npmjs.org/hammerjs/-/hammerjs-2.0.8.tgz",
            "integrity": "sha1-BO93hiz/K7edMPdpIJWTAiK/YPE=",
            "engines": {
                "node": ">=0.8.0"
            }
        },
        "node_modules/typescript": {
            "version": "4.3.5",
            "resolved": "https://registry.npmjs.org/typescript/-/typescript-4.3.5.tgz",
            "integrity": "sha512-DqQgihaQ9cUrskJo9kIyW/+g0Vxsk8cDtZ52a3NGh0YNTfpUSArXSohyUGnvbPazEPLu398C0UxmKSOrPumUzA==",
            "dev": true,
            "bin": {
                "tsc": "bin/tsc",
                "tsserver": "bin/tsserver"
            },
            "engines": {
                "node": ">=4.2.0"
            }
        }
    },
    "dependencies": {
        "@types/mocha": {
            "version": "8.2.3",
            "resolved": "https://registry.npmjs.org/@types/mocha/-/mocha-8.2.3.tgz",
            "integrity": "sha512-ekGvFhFgrc2zYQoX4JeZPmVzZxw6Dtllga7iGHzfbYIYkAMUx/sAFP2GdFpLff+vdHXu5fl7WX9AT+TtqYcsyw==",
            "dev": true
        },
        "@types/node": {
            "version": "13.13.52",
            "resolved": "https://registry.npmjs.org/@types/node/-/node-13.13.52.tgz",
            "integrity": "sha512-s3nugnZumCC//n4moGGe6tkNMyYEdaDBitVjwPxXmR5lnMG5dHePinH2EdxkG3Rh1ghFHHixAG4NJhpJW1rthQ==",
            "dev": true
        },
        "@types/vscode": {
            "version": "1.58.1",
            "resolved": "https://registry.npmjs.org/@types/vscode/-/vscode-1.58.1.tgz",
            "integrity": "sha512-sa76rDXiSif09he8KoaWWUQxsuBr2+uND0xn1GUbEODkuEjp2p7Rqd3t5qlvklfmAedLFdL7MdnsPa57uzwcOw==",
            "dev": true
        },
        "chart.js": {
            "version": "3.7.0",
            "resolved": "https://registry.npmjs.org/chart.js/-/chart.js-3.7.0.tgz",
            "integrity": "sha512-31gVuqqKp3lDIFmzpKIrBeum4OpZsQjSIAqlOpgjosHDJZlULtvwLEZKtEhIAZc7JMPaHlYMys40Qy9Mf+1AAg=="
        },
        "chartjs-plugin-zoom": {
            "version": "1.2.0",
            "resolved": "https://registry.npmjs.org/chartjs-plugin-zoom/-/chartjs-plugin-zoom-1.2.0.tgz",
            "integrity": "sha512-cLYKUHHx4bevuZQDpEKdjpvZ6HGu6NF8laTThgA0I9af+PV1N4qVTRZmyDNh0SAzsHZPtDOhuO3I7B4CF1lstw==",
            "requires": {
                "hammerjs": "^2.0.8"
            }
        },
        "hammerjs": {
            "version": "2.0.8",
            "resolved": "https://registry.npmjs.org/hammerjs/-/hammerjs-2.0.8.tgz",
            "integrity": "sha1-BO93hiz/K7edMPdpIJWTAiK/YPE="
        },
        "typescript": {
            "version": "4.3.5",
            "resolved": "https://registry.npmjs.org/typescript/-/typescript-4.3.5.tgz",
            "integrity": "sha512-DqQgihaQ9cUrskJo9kIyW/+g0Vxsk8cDtZ52a3NGh0YNTfpUSArXSohyUGnvbPazEPLu398C0UxmKSOrPumUzA==",
            "dev": true
        }
    }
}
